// !$*UTF8*$!
{
	archiveVersion = 1;
	classes = {
	};
	objectVersion = 52;
	objects = {

/* Begin PBXBuildFile section */
		DB7A0F6923C2270800CED5AD /* SwiftWebServer.swift in Sources */ = {isa = PBXBuildFile; fileRef = DB7A0F6823C2270800CED5AD /* SwiftWebServer.swift */; };
		DBA3A21423BFE3D200962B66 /* main.swift in Sources */ = {isa = PBXBuildFile; fileRef = DBA3A21323BFE3D200962B66 /* main.swift */; };
		DBA3A21C23BFE3E700962B66 /* SwiftWeb in Frameworks */ = {isa = PBXBuildFile; productRef = DBA3A21B23BFE3E700962B66 /* SwiftWeb */; };
		DBA3A21F23BFE7B800962B66 /* Swifter in Frameworks */ = {isa = PBXBuildFile; productRef = DBA3A21E23BFE7B800962B66 /* Swifter */; };
		DBA3A22123BFE97200962B66 /* ContentView.swift in Sources */ = {isa = PBXBuildFile; fileRef = DBA3A22023BFE97200962B66 /* ContentView.swift */; };
		DBA3A22823BFEE3600962B66 /* TransactionView.swift in Sources */ = {isa = PBXBuildFile; fileRef = DBA3A22223BFE9DB00962B66 /* TransactionView.swift */; };
/* End PBXBuildFile section */

/* Begin PBXCopyFilesBuildPhase section */
		DBA3A20E23BFE3D200962B66 /* CopyFiles */ = {
			isa = PBXCopyFilesBuildPhase;
			buildActionMask = 12;
			dstPath = "";
			dstSubfolderSpec = 0;
			files = (
			);
			runOnlyForDeploymentPostprocessing = 0;
		};
/* End PBXCopyFilesBuildPhase section */

/* Begin PBXFileReference section */
		DB7A0F6823C2270800CED5AD /* SwiftWebServer.swift */ = {isa = PBXFileReference; lastKnownFileType = sourcecode.swift; path = SwiftWebServer.swift; sourceTree = "<group>"; };
		DBA3A21023BFE3D200962B66 /* SwiftWebServer */ = {isa = PBXFileReference; explicitFileType = "compiled.mach-o.executable"; includeInIndex = 0; path = SwiftWebServer; sourceTree = BUILT_PRODUCTS_DIR; };
		DBA3A21323BFE3D200962B66 /* main.swift */ = {isa = PBXFileReference; lastKnownFileType = sourcecode.swift; path = main.swift; sourceTree = "<group>"; };
		DBA3A22023BFE97200962B66 /* ContentView.swift */ = {isa = PBXFileReference; lastKnownFileType = sourcecode.swift; path = ContentView.swift; sourceTree = "<group>"; };
		DBA3A22223BFE9DB00962B66 /* TransactionView.swift */ = {isa = PBXFileReference; lastKnownFileType = sourcecode.swift; path = TransactionView.swift; sourceTree = "<group>"; };
		DBA3A22723BFED9700962B66 /* SwiftWebServer.entitlements */ = {isa = PBXFileReference; lastKnownFileType = text.plist.entitlements; path = SwiftWebServer.entitlements; sourceTree = "<group>"; };
		DBDB18EB23C2887C0099A9B0 /* list.dash.png */ = {isa = PBXFileReference; lastKnownFileType = image.png; path = list.dash.png; sourceTree = "<group>"; };
		DBDB18EC23C2887C0099A9B0 /* rectangle.stack.png */ = {isa = PBXFileReference; lastKnownFileType = image.png; path = rectangle.stack.png; sourceTree = "<group>"; };
/* End PBXFileReference section */

/* Begin PBXFrameworksBuildPhase section */
		DBA3A20D23BFE3D200962B66 /* Frameworks */ = {
			isa = PBXFrameworksBuildPhase;
			buildActionMask = 2147483647;
			files = (
				DBA3A21C23BFE3E700962B66 /* SwiftWeb in Frameworks */,
				DBA3A21F23BFE7B800962B66 /* Swifter in Frameworks */,
			);
			runOnlyForDeploymentPostprocessing = 0;
		};
/* End PBXFrameworksBuildPhase section */

/* Begin PBXGroup section */
		DB7A0F6A23C227AF00CED5AD /* static */ = {
			isa = PBXGroup;
			children = (
				DBDB18EB23C2887C0099A9B0 /* list.dash.png */,
				DBDB18EC23C2887C0099A9B0 /* rectangle.stack.png */,
			);
			path = static;
			sourceTree = "<group>";
		};
		DBA3A20723BFE3D200962B66 = {
			isa = PBXGroup;
			children = (
				DBA3A21223BFE3D200962B66 /* SwiftWebServer */,
				DBA3A21123BFE3D200962B66 /* Products */,
				DBA3A21A23BFE3E700962B66 /* Frameworks */,
			);
			sourceTree = "<group>";
		};
		DBA3A21123BFE3D200962B66 /* Products */ = {
			isa = PBXGroup;
			children = (
				DBA3A21023BFE3D200962B66 /* SwiftWebServer */,
			);
			name = Products;
			sourceTree = "<group>";
		};
		DBA3A21223BFE3D200962B66 /* SwiftWebServer */ = {
			isa = PBXGroup;
			children = (
				DBA3A21323BFE3D200962B66 /* main.swift */,
				DB7A0F6823C2270800CED5AD /* SwiftWebServer.swift */,
				DBA3A22023BFE97200962B66 /* ContentView.swift */,
				DBA3A22223BFE9DB00962B66 /* TransactionView.swift */,
				DB7A0F6A23C227AF00CED5AD /* static */,
				DBA3A22723BFED9700962B66 /* SwiftWebServer.entitlements */,
			);
			path = SwiftWebServer;
			sourceTree = "<group>";
		};
		DBA3A21A23BFE3E700962B66 /* Frameworks */ = {
			isa = PBXGroup;
			children = (
			);
			name = Frameworks;
			sourceTree = "<group>";
		};
/* End PBXGroup section */

/* Begin PBXNativeTarget section */
		DBA3A20F23BFE3D200962B66 /* SwiftWebServer */ = {
			isa = PBXNativeTarget;
			buildConfigurationList = DBA3A21723BFE3D200962B66 /* Build configuration list for PBXNativeTarget "SwiftWebServer" */;
			buildPhases = (
				DBA3A20C23BFE3D200962B66 /* Sources */,
				DBA3A20D23BFE3D200962B66 /* Frameworks */,
				DBA3A20E23BFE3D200962B66 /* CopyFiles */,
			);
			buildRules = (
			);
			dependencies = (
			);
			name = SwiftWebServer;
			packageProductDependencies = (
				DBA3A21B23BFE3E700962B66 /* SwiftWeb */,
				DBA3A21E23BFE7B800962B66 /* Swifter */,
			);
			productName = SwiftWebServer;
			productReference = DBA3A21023BFE3D200962B66 /* SwiftWebServer */;
			productType = "com.apple.product-type.tool";
		};
/* End PBXNativeTarget section */

/* Begin PBXProject section */
		DBA3A20823BFE3D200962B66 /* Project object */ = {
			isa = PBXProject;
			attributes = {
				LastSwiftUpdateCheck = 1120;
				LastUpgradeCheck = 1120;
				ORGANIZATIONNAME = "Quirin Schweigert";
				TargetAttributes = {
					DBA3A20F23BFE3D200962B66 = {
						CreatedOnToolsVersion = 11.2.1;
					};
				};
			};
			buildConfigurationList = DBA3A20B23BFE3D200962B66 /* Build configuration list for PBXProject "SwiftWebServer" */;
			compatibilityVersion = "Xcode 9.3";
			developmentRegion = en;
			hasScannedForEncodings = 0;
			knownRegions = (
				en,
				Base,
			);
			mainGroup = DBA3A20723BFE3D200962B66;
			packageReferences = (
				DBA3A21D23BFE7B800962B66 /* XCRemoteSwiftPackageReference "swifter" */,
			);
			productRefGroup = DBA3A21123BFE3D200962B66 /* Products */;
			projectDirPath = "";
			projectRoot = "";
			targets = (
				DBA3A20F23BFE3D200962B66 /* SwiftWebServer */,
			);
		};
/* End PBXProject section */

/* Begin PBXSourcesBuildPhase section */
		DBA3A20C23BFE3D200962B66 /* Sources */ = {
			isa = PBXSourcesBuildPhase;
			buildActionMask = 2147483647;
			files = (
				DBA3A22123BFE97200962B66 /* ContentView.swift in Sources */,
				DB7A0F6923C2270800CED5AD /* SwiftWebServer.swift in Sources */,
				DBA3A21423BFE3D200962B66 /* main.swift in Sources */,
				DBA3A22823BFEE3600962B66 /* TransactionView.swift in Sources */,
			);
			runOnlyForDeploymentPostprocessing = 0;
		};
/* End PBXSourcesBuildPhase section */

/* Begin XCBuildConfiguration section */
		DBA3A21523BFE3D200962B66 /* Debug */ = {
			isa = XCBuildConfiguration;
			buildSettings = {
				ALWAYS_SEARCH_USER_PATHS = NO;
				CLANG_ANALYZER_NONNULL = YES;
				CLANG_ANALYZER_NUMBER_OBJECT_CONVERSION = YES_AGGRESSIVE;
				CLANG_CXX_LANGUAGE_STANDARD = "gnu++14";
				CLANG_CXX_LIBRARY = "libc++";
				CLANG_ENABLE_MODULES = YES;
				CLANG_ENABLE_OBJC_ARC = YES;
				CLANG_ENABLE_OBJC_WEAK = YES;
				CLANG_WARN_BLOCK_CAPTURE_AUTORELEASING = YES;
				CLANG_WARN_BOOL_CONVERSION = YES;
				CLANG_WARN_COMMA = YES;
				CLANG_WARN_CONSTANT_CONVERSION = YES;
				CLANG_WARN_DEPRECATED_OBJC_IMPLEMENTATIONS = YES;
				CLANG_WARN_DIRECT_OBJC_ISA_USAGE = YES_ERROR;
				CLANG_WARN_DOCUMENTATION_COMMENTS = YES;
				CLANG_WARN_EMPTY_BODY = YES;
				CLANG_WARN_ENUM_CONVERSION = YES;
				CLANG_WARN_INFINITE_RECURSION = YES;
				CLANG_WARN_INT_CONVERSION = YES;
				CLANG_WARN_NON_LITERAL_NULL_CONVERSION = YES;
				CLANG_WARN_OBJC_IMPLICIT_RETAIN_SELF = YES;
				CLANG_WARN_OBJC_LITERAL_CONVERSION = YES;
				CLANG_WARN_OBJC_ROOT_CLASS = YES_ERROR;
				CLANG_WARN_RANGE_LOOP_ANALYSIS = YES;
				CLANG_WARN_STRICT_PROTOTYPES = YES;
				CLANG_WARN_SUSPICIOUS_MOVE = YES;
				CLANG_WARN_UNGUARDED_AVAILABILITY = YES_AGGRESSIVE;
				CLANG_WARN_UNREACHABLE_CODE = YES;
				CLANG_WARN__DUPLICATE_METHOD_MATCH = YES;
				COPY_PHASE_STRIP = NO;
				DEBUG_INFORMATION_FORMAT = dwarf;
				ENABLE_STRICT_OBJC_MSGSEND = YES;
				ENABLE_TESTABILITY = YES;
				GCC_C_LANGUAGE_STANDARD = gnu11;
				GCC_DYNAMIC_NO_PIC = NO;
				GCC_NO_COMMON_BLOCKS = YES;
				GCC_OPTIMIZATION_LEVEL = 0;
				GCC_PREPROCESSOR_DEFINITIONS = (
					"DEBUG=1",
					"$(inherited)",
				);
				GCC_WARN_64_TO_32_BIT_CONVERSION = YES;
				GCC_WARN_ABOUT_RETURN_TYPE = YES_ERROR;
				GCC_WARN_UNDECLARED_SELECTOR = YES;
				GCC_WARN_UNINITIALIZED_AUTOS = YES_AGGRESSIVE;
				GCC_WARN_UNUSED_FUNCTION = YES;
				GCC_WARN_UNUSED_VARIABLE = YES;
				MACOSX_DEPLOYMENT_TARGET = 10.15;
				MTL_ENABLE_DEBUG_INFO = INCLUDE_SOURCE;
				MTL_FAST_MATH = YES;
				ONLY_ACTIVE_ARCH = YES;
				SDKROOT = macosx;
				SWIFT_ACTIVE_COMPILATION_CONDITIONS = DEBUG;
				SWIFT_OPTIMIZATION_LEVEL = "-Onone";
			};
			name = Debug;
		};
		DBA3A21623BFE3D200962B66 /* Release */ = {
			isa = XCBuildConfiguration;
			buildSettings = {
				ALWAYS_SEARCH_USER_PATHS = NO;
				CLANG_ANALYZER_NONNULL = YES;
				CLANG_ANALYZER_NUMBER_OBJECT_CONVERSION = YES_AGGRESSIVE;
				CLANG_CXX_LANGUAGE_STANDARD = "gnu++14";
				CLANG_CXX_LIBRARY = "libc++";
				CLANG_ENABLE_MODULES = YES;
				CLANG_ENABLE_OBJC_ARC = YES;
				CLANG_ENABLE_OBJC_WEAK = YES;
				CLANG_WARN_BLOCK_CAPTURE_AUTORELEASING = YES;
				CLANG_WARN_BOOL_CONVERSION = YES;
				CLANG_WARN_COMMA = YES;
				CLANG_WARN_CONSTANT_CONVERSION = YES;
				CLANG_WARN_DEPRECATED_OBJC_IMPLEMENTATIONS = YES;
				CLANG_WARN_DIRECT_OBJC_ISA_USAGE = YES_ERROR;
				CLANG_WARN_DOCUMENTATION_COMMENTS = YES;
				CLANG_WARN_EMPTY_BODY = YES;
				CLANG_WARN_ENUM_CONVERSION = YES;
				CLANG_WARN_INFINITE_RECURSION = YES;
				CLANG_WARN_INT_CONVERSION = YES;
				CLANG_WARN_NON_LITERAL_NULL_CONVERSION = YES;
				CLANG_WARN_OBJC_IMPLICIT_RETAIN_SELF = YES;
				CLANG_WARN_OBJC_LITERAL_CONVERSION = YES;
				CLANG_WARN_OBJC_ROOT_CLASS = YES_ERROR;
				CLANG_WARN_RANGE_LOOP_ANALYSIS = YES;
				CLANG_WARN_STRICT_PROTOTYPES = YES;
				CLANG_WARN_SUSPICIOUS_MOVE = YES;
				CLANG_WARN_UNGUARDED_AVAILABILITY = YES_AGGRESSIVE;
				CLANG_WARN_UNREACHABLE_CODE = YES;
				CLANG_WARN__DUPLICATE_METHOD_MATCH = YES;
				COPY_PHASE_STRIP = NO;
				DEBUG_INFORMATION_FORMAT = "dwarf-with-dsym";
				ENABLE_NS_ASSERTIONS = NO;
				ENABLE_STRICT_OBJC_MSGSEND = YES;
				GCC_C_LANGUAGE_STANDARD = gnu11;
				GCC_NO_COMMON_BLOCKS = YES;
				GCC_WARN_64_TO_32_BIT_CONVERSION = YES;
				GCC_WARN_ABOUT_RETURN_TYPE = YES_ERROR;
				GCC_WARN_UNDECLARED_SELECTOR = YES;
				GCC_WARN_UNINITIALIZED_AUTOS = YES_AGGRESSIVE;
				GCC_WARN_UNUSED_FUNCTION = YES;
				GCC_WARN_UNUSED_VARIABLE = YES;
				MACOSX_DEPLOYMENT_TARGET = 10.15;
				MTL_ENABLE_DEBUG_INFO = NO;
				MTL_FAST_MATH = YES;
				SDKROOT = macosx;
				SWIFT_COMPILATION_MODE = wholemodule;
				SWIFT_OPTIMIZATION_LEVEL = "-O";
			};
			name = Release;
		};
		DBA3A21823BFE3D200962B66 /* Debug */ = {
			isa = XCBuildConfiguration;
			buildSettings = {
				CODE_SIGN_ENTITLEMENTS = SwiftWebServer/SwiftWebServer.entitlements;
				CODE_SIGN_STYLE = Automatic;
				DEVELOPMENT_TEAM = AUP6T9FX64;
				ENABLE_HARDENED_RUNTIME = YES;
				PRODUCT_NAME = "$(TARGET_NAME)";
				SWIFT_VERSION = 5.0;
			};
			name = Debug;
		};
		DBA3A21923BFE3D200962B66 /* Release */ = {
			isa = XCBuildConfiguration;
			buildSettings = {
				CODE_SIGN_ENTITLEMENTS = SwiftWebServer/SwiftWebServer.entitlements;
				CODE_SIGN_STYLE = Automatic;
				DEVELOPMENT_TEAM = AUP6T9FX64;
				ENABLE_HARDENED_RUNTIME = YES;
				PRODUCT_NAME = "$(TARGET_NAME)";
				SWIFT_VERSION = 5.0;
			};
			name = Release;
		};
/* End XCBuildConfiguration section */

/* Begin XCConfigurationList section */
		DBA3A20B23BFE3D200962B66 /* Build configuration list for PBXProject "SwiftWebServer" */ = {
			isa = XCConfigurationList;
			buildConfigurations = (
				DBA3A21523BFE3D200962B66 /* Debug */,
				DBA3A21623BFE3D200962B66 /* Release */,
			);
			defaultConfigurationIsVisible = 0;
			defaultConfigurationName = Release;
		};
		DBA3A21723BFE3D200962B66 /* Build configuration list for PBXNativeTarget "SwiftWebServer" */ = {
			isa = XCConfigurationList;
			buildConfigurations = (
				DBA3A21823BFE3D200962B66 /* Debug */,
				DBA3A21923BFE3D200962B66 /* Release */,
			);
			defaultConfigurationIsVisible = 0;
			defaultConfigurationName = Release;
		};
/* End XCConfigurationList section */

/* Begin XCRemoteSwiftPackageReference section */
		DBA3A21D23BFE7B800962B66 /* XCRemoteSwiftPackageReference "swifter" */ = {
			isa = XCRemoteSwiftPackageReference;
			repositoryURL = "https://github.com/httpswift/swifter.git";
			requirement = {
				kind = upToNextMajorVersion;
				minimumVersion = 1.4.7;
			};
		};
/* End XCRemoteSwiftPackageReference section */

/* Begin XCSwiftPackageProductDependency section */
		DBA3A21B23BFE3E700962B66 /* SwiftWeb */ = {
			isa = XCSwiftPackageProductDependency;
			productName = SwiftWeb;
		};
		DBA3A21E23BFE7B800962B66 /* Swifter */ = {
			isa = XCSwiftPackageProductDependency;
			package = DBA3A21D23BFE7B800962B66 /* XCRemoteSwiftPackageReference "swifter" */;
			productName = Swifter;
		};
/* End XCSwiftPackageProductDependency section */
	};
	rootObject = DBA3A20823BFE3D200962B66 /* Project object */;
}
